
Microsoft Visual Studio Solution File, Format Version 12.00
# Visual Studio Version 16
VisualStudioVersion = 16.0.31702.278
MinimumVisualStudioVersion = 10.0.40219.1
Project("{FAE04EC0-301F-11D3-BF4B-00C04F79EFBC}") = "Snake Ladder", "Snake Ladder\Snake Ladder.csproj", "{328594D4-9651-4F3D-8C7F-00721E6597BE}"
EndProject
Global
	GlobalSection(SolutionConfigurationPlatforms) = preSolution
		Debug|Any CPU = Debug|Any CPU
		Release|Any CPU = Release|Any CPU
	EndGlobalSection
	GlobalSection(ProjectConfigurationPlatforms) = postSolution
		{328594D4-9651-4F3D-8C7F-00721E6597BE}.Debug|Any CPU.ActiveCfg = Debug|Any CPU
		{328594D4-9651-4F3D-8C7F-00721E6597BE}.Debug|Any CPU.Build.0 = Debug|Any CPU
		{328594D4-9651-4F3D-8C7F-00721E6597BE}.Release|Any CPU.ActiveCfg = Release|Any CPU
		{328594D4-9651-4F3D-8C7F-00721E6597BE}.Release|Any CPU.Build.0 = Release|Any CPU
	EndGlobalSection
	GlobalSection(SolutionProperties) = preSolution
		HideSolutionNode = FALSE
	EndGlobalSection
	GlobalSection(ExtensibilityGlobals) = postSolution
		SolutionGuid = {E9E795A8-2019-4C06-8C01-4C4D2F4BB74C}
	EndGlobalSection
EndGlobal
